
Microsoft Visual Studio Solution File, Format Version 12.00
# Visual Studio Version 17
VisualStudioVersion = 17.12.35514.174 d17.12
MinimumVisualStudioVersion = 10.0.40219.1
Project("{FAE04EC0-301F-11D3-BF4B-00C04F79EFBC}") = "CorrelationIdUpdateAPI", "CorrelationIdUpdateAPI.csproj", "{C791EAF1-FB6B-4C94-A581-1C5F1EC02857}"
EndProject
Global
	GlobalSection(SolutionConfigurationPlatforms) = preSolution
		Debug|Any CPU = Debug|Any CPU
		Release|Any CPU = Release|Any CPU
	EndGlobalSection
	GlobalSection(ProjectConfigurationPlatforms) = postSolution
		{C791EAF1-FB6B-4C94-A581-1C5F1EC02857}.Debug|Any CPU.ActiveCfg = Debug|Any CPU
		{C791EAF1-FB6B-4C94-A581-1C5F1EC02857}.Debug|Any CPU.Build.0 = Debug|Any CPU
		{C791EAF1-FB6B-4C94-A581-1C5F1EC02857}.Release|Any CPU.ActiveCfg = Release|Any CPU
		{C791EAF1-FB6B-4C94-A581-1C5F1EC02857}.Release|Any CPU.Build.0 = Release|Any CPU
	EndGlobalSection
	GlobalSection(SolutionProperties) = preSolution
		HideSolutionNode = FALSE
	EndGlobalSection
EndGlobal
